
Microsoft Visual Studio Solution File, Format Version 12.00
# Visual Studio Version 16
VisualStudioVersion = 16.0.30611.23
MinimumVisualStudioVersion = 10.0.40219.1
Project("{9A19103F-16F7-4668-BE54-9A1E7A4F7556}") = "WebMaterial", "WebMaterial\WebMaterial.csproj", "{2F033AAB-241E-4A7B-99E5-EFA6832FBA38}"
EndProject
Project("{9A19103F-16F7-4668-BE54-9A1E7A4F7556}") = "WebMaterial.DAL", "WebMaterial.DAL\WebMaterial.DAL.csproj", "{44FC8DB6-E283-49D6-9BA6-2A265E20C66A}"
EndProject
Project("{9A19103F-16F7-4668-BE54-9A1E7A4F7556}") = "WebMaterial.BLL", "WebMaterial.BLL\WebMaterial.BLL.csproj", "{49FA4006-A98D-4092-916C-8D7C4967EC0F}"
EndProject
Project("{9A19103F-16F7-4668-BE54-9A1E7A4F7556}") = "XUnitTestTask_5", "XUnitTestWebMaterial\XUnitTestTask_5.csproj", "{CBB62B7C-48AC-4612-A72B-C59CFFA57ADF}"
EndProject
Global
	GlobalSection(SolutionConfigurationPlatforms) = preSolution
		Debug|Any CPU = Debug|Any CPU
		Release|Any CPU = Release|Any CPU
	EndGlobalSection
	GlobalSection(ProjectConfigurationPlatforms) = postSolution
		{2F033AAB-241E-4A7B-99E5-EFA6832FBA38}.Debug|Any CPU.ActiveCfg = Debug|Any CPU
		{2F033AAB-241E-4A7B-99E5-EFA6832FBA38}.Debug|Any CPU.Build.0 = Debug|Any CPU
		{2F033AAB-241E-4A7B-99E5-EFA6832FBA38}.Release|Any CPU.ActiveCfg = Release|Any CPU
		{2F033AAB-241E-4A7B-99E5-EFA6832FBA38}.Release|Any CPU.Build.0 = Release|Any CPU
		{44FC8DB6-E283-49D6-9BA6-2A265E20C66A}.Debug|Any CPU.ActiveCfg = Debug|Any CPU
		{44FC8DB6-E283-49D6-9BA6-2A265E20C66A}.Debug|Any CPU.Build.0 = Debug|Any CPU
		{44FC8DB6-E283-49D6-9BA6-2A265E20C66A}.Release|Any CPU.ActiveCfg = Release|Any CPU
		{44FC8DB6-E283-49D6-9BA6-2A265E20C66A}.Release|Any CPU.Build.0 = Release|Any CPU
		{49FA4006-A98D-4092-916C-8D7C4967EC0F}.Debug|Any CPU.ActiveCfg = Debug|Any CPU
		{49FA4006-A98D-4092-916C-8D7C4967EC0F}.Debug|Any CPU.Build.0 = Debug|Any CPU
		{49FA4006-A98D-4092-916C-8D7C4967EC0F}.Release|Any CPU.ActiveCfg = Release|Any CPU
		{49FA4006-A98D-4092-916C-8D7C4967EC0F}.Release|Any CPU.Build.0 = Release|Any CPU
		{CBB62B7C-48AC-4612-A72B-C59CFFA57ADF}.Debug|Any CPU.ActiveCfg = Debug|Any CPU
		{CBB62B7C-48AC-4612-A72B-C59CFFA57ADF}.Debug|Any CPU.Build.0 = Debug|Any CPU
		{CBB62B7C-48AC-4612-A72B-C59CFFA57ADF}.Release|Any CPU.ActiveCfg = Release|Any CPU
		{CBB62B7C-48AC-4612-A72B-C59CFFA57ADF}.Release|Any CPU.Build.0 = Release|Any CPU
	EndGlobalSection
	GlobalSection(SolutionProperties) = preSolution
		HideSolutionNode = FALSE
	EndGlobalSection
	GlobalSection(ExtensibilityGlobals) = postSolution
		SolutionGuid = {654DE1EF-20B4-47EB-A727-071C8CBAC521}
	EndGlobalSection
EndGlobal
